
Microsoft Visual Studio Solution File, Format Version 12.00
Project("{FAE04EC0-301F-11D3-BF4B-00C04F79EFBC}") = "ApiGateway", "ApiGateway\ApiGateway.csproj", "{A9D25426-843E-44CA-8A64-FA1E10138596}"
EndProject
Project("{FAE04EC0-301F-11D3-BF4B-00C04F79EFBC}") = "FileStoringService", "FileStoringService\FileStoringService.csproj", "{71CF3FCB-A240-4F4B-93AE-C50EB03B6FB6}"
EndProject
Project("{FAE04EC0-301F-11D3-BF4B-00C04F79EFBC}") = "FileAnalysisService", "FileAnalysisService\FileAnalysisService.csproj", "{D1B536A0-20E1-44B4-B953-38DF84174A0E}"
EndProject
Project("{2150E333-8FDC-42A3-9474-1A3956D46DE8}") = "Solution Items", "Solution Items", "{E5A2CFC2-1243-47E5-9930-F361FB84A331}"
	ProjectSection(SolutionItems) = preProject
		compose.yaml = compose.yaml
	EndProjectSection
EndProject
Global
	GlobalSection(SolutionConfigurationPlatforms) = preSolution
		Debug|Any CPU = Debug|Any CPU
		Release|Any CPU = Release|Any CPU
	EndGlobalSection
	GlobalSection(ProjectConfigurationPlatforms) = postSolution
		{A9D25426-843E-44CA-8A64-FA1E10138596}.Debug|Any CPU.ActiveCfg = Debug|Any CPU
		{A9D25426-843E-44CA-8A64-FA1E10138596}.Debug|Any CPU.Build.0 = Debug|Any CPU
		{A9D25426-843E-44CA-8A64-FA1E10138596}.Release|Any CPU.ActiveCfg = Release|Any CPU
		{A9D25426-843E-44CA-8A64-FA1E10138596}.Release|Any CPU.Build.0 = Release|Any CPU
		{71CF3FCB-A240-4F4B-93AE-C50EB03B6FB6}.Debug|Any CPU.ActiveCfg = Debug|Any CPU
		{71CF3FCB-A240-4F4B-93AE-C50EB03B6FB6}.Debug|Any CPU.Build.0 = Debug|Any CPU
		{71CF3FCB-A240-4F4B-93AE-C50EB03B6FB6}.Release|Any CPU.ActiveCfg = Release|Any CPU
		{71CF3FCB-A240-4F4B-93AE-C50EB03B6FB6}.Release|Any CPU.Build.0 = Release|Any CPU
		{D1B536A0-20E1-44B4-B953-38DF84174A0E}.Debug|Any CPU.ActiveCfg = Debug|Any CPU
		{D1B536A0-20E1-44B4-B953-38DF84174A0E}.Debug|Any CPU.Build.0 = Debug|Any CPU
		{D1B536A0-20E1-44B4-B953-38DF84174A0E}.Release|Any CPU.ActiveCfg = Release|Any CPU
		{D1B536A0-20E1-44B4-B953-38DF84174A0E}.Release|Any CPU.Build.0 = Release|Any CPU
	EndGlobalSection
EndGlobal
